
Microsoft Visual Studio Solution File, Format Version 12.00
# Visual Studio 14
VisualStudioVersion = 14.0.25420.1
MinimumVisualStudioVersion = 10.0.40219.1
Project("{FAE04EC0-301F-11D3-BF4B-00C04F79EFBC}") = "Task1", "Task1\Task1.csproj", "{388075D2-4A59-4B43-B02F-80392143092A}"
EndProject
Project("{FAE04EC0-301F-11D3-BF4B-00C04F79EFBC}") = "Task1.Tests", "Task1.Tests\Task1.Tests.csproj", "{3E0FBCCC-7BCA-498D-8669-AA181B23CB02}"
EndProject
Project("{FAE04EC0-301F-11D3-BF4B-00C04F79EFBC}") = "Task2", "Task2\Task2.csproj", "{9C2EB637-BB2C-4190-8D05-3D5A707C5B0A}"
EndProject
Project("{FAE04EC0-301F-11D3-BF4B-00C04F79EFBC}") = "Task2.Tests", "Task2.Tests\Task2.Tests.csproj", "{48C59576-BF64-49A1-8F4F-700DAB8A1016}"
EndProject
Global
	GlobalSection(SolutionConfigurationPlatforms) = preSolution
		Debug|Any CPU = Debug|Any CPU
		Release|Any CPU = Release|Any CPU
	EndGlobalSection
	GlobalSection(ProjectConfigurationPlatforms) = postSolution
		{388075D2-4A59-4B43-B02F-80392143092A}.Debug|Any CPU.ActiveCfg = Debug|Any CPU
		{388075D2-4A59-4B43-B02F-80392143092A}.Debug|Any CPU.Build.0 = Debug|Any CPU
		{388075D2-4A59-4B43-B02F-80392143092A}.Release|Any CPU.ActiveCfg = Release|Any CPU
		{388075D2-4A59-4B43-B02F-80392143092A}.Release|Any CPU.Build.0 = Release|Any CPU
		{3E0FBCCC-7BCA-498D-8669-AA181B23CB02}.Debug|Any CPU.ActiveCfg = Debug|Any CPU
		{3E0FBCCC-7BCA-498D-8669-AA181B23CB02}.Debug|Any CPU.Build.0 = Debug|Any CPU
		{3E0FBCCC-7BCA-498D-8669-AA181B23CB02}.Release|Any CPU.ActiveCfg = Release|Any CPU
		{3E0FBCCC-7BCA-498D-8669-AA181B23CB02}.Release|Any CPU.Build.0 = Release|Any CPU
		{9C2EB637-BB2C-4190-8D05-3D5A707C5B0A}.Debug|Any CPU.ActiveCfg = Debug|Any CPU
		{9C2EB637-BB2C-4190-8D05-3D5A707C5B0A}.Debug|Any CPU.Build.0 = Debug|Any CPU
		{9C2EB637-BB2C-4190-8D05-3D5A707C5B0A}.Release|Any CPU.ActiveCfg = Release|Any CPU
		{9C2EB637-BB2C-4190-8D05-3D5A707C5B0A}.Release|Any CPU.Build.0 = Release|Any CPU
		{48C59576-BF64-49A1-8F4F-700DAB8A1016}.Debug|Any CPU.ActiveCfg = Debug|Any CPU
		{48C59576-BF64-49A1-8F4F-700DAB8A1016}.Debug|Any CPU.Build.0 = Debug|Any CPU
		{48C59576-BF64-49A1-8F4F-700DAB8A1016}.Release|Any CPU.ActiveCfg = Release|Any CPU
		{48C59576-BF64-49A1-8F4F-700DAB8A1016}.Release|Any CPU.Build.0 = Release|Any CPU
	EndGlobalSection
	GlobalSection(SolutionProperties) = preSolution
		HideSolutionNode = FALSE
	EndGlobalSection
EndGlobal
